# THIS IS AN AUTOGENERATED FILE. DO NOT EDIT THIS FILE DIRECTLY.
# yarn lockfile v1


bluebird-global@^1.0.1:
  version "1.0.1"
  resolved "https://registry.npmjs.org/bluebird-global/-/bluebird-global-1.0.1.tgz#147c174f4e3a19740e80d992ea70ec3dc51d0d95"
  integrity sha512-llTREi0V3EUM150DKdMLlXN/X2QsQ/hWJDiaGnivqeDwE32I0dmivYLU9/VvhotTzvvbv7OiM6zjVXYJ2dCmKQ==

bluebird@^3.7.2:
  version "3.7.2"
  resolved "https://registry.npmjs.org/bluebird/-/bluebird-3.7.2.tgz#9f229c15be272454ffa973ace0dbee79a1b0c36f"
  integrity sha512-XpNj6GDQzdfW+r2Wnn7xiSAd7TM3jzkxGXBGTtWKuSXv1xUV+azxAm8jdWZN06QTQk+2N2XB9jRDkvbmQmcRtg==

prettier@^2.4.0:
  version "2.4.0"
  resolved "https://registry.npmjs.org/prettier/-/prettier-2.4.0.tgz#85bdfe0f70c3e777cf13a4ffff39713ca6f64cba"
  integrity sha512-DsEPLY1dE5HF3BxCRBmD4uYZ+5DCbvatnolqTqcxEgKVZnL2kUfyu7b8pPQ5+hTBkdhU9SLUmK0/pHb07RE4WQ==
